dependencies:
- name: postgresql
  repository: https://charts.bitnami.com/bitnami
  version: 12.6.8
- name: redis
  repository: https://charts.bitnami.com/bitnami
  version: 17.13.2
digest: sha256:8c68a362b76d11a5fba7fd38797a489e70cf59d4c9be11009a9ed071ac9ef760
generated: "2023-07-24T12:34:28.079976088+01:00"
