dependencies:
- name: postgres
  repository: https://groundhog2k.github.io/helm-charts
  version: 0.4.1
- name: redis
  repository: https://groundhog2k.github.io/helm-charts
  version: 0.6.0
digest: sha256:d511cc9cce2f491c685a543746372a559ae29dc6da201547633328af612ddbd6
generated: "2023-01-01T16:04:59.222900621+01:00"
